
Microsoft Visual Studio Solution File, Format Version 12.00
# Visual Studio Version 16
VisualStudioVersion = 16.0.29001.49
MinimumVisualStudioVersion = 10.0.40219.1
Project("{FAE04EC0-301F-11D3-BF4B-00C04F79EFBC}") = "PracticaConstructores", "PracticaConstructores\PracticaConstructores.csproj", "{3C1CB416-6813-48EA-A5EC-3262CA83A381}"
EndProject
Global
	GlobalSection(SolutionConfigurationPlatforms) = preSolution
		Debug|Any CPU = Debug|Any CPU
		Release|Any CPU = Release|Any CPU
	EndGlobalSection
	GlobalSection(ProjectConfigurationPlatforms) = postSolution
		{3C1CB416-6813-48EA-A5EC-3262CA83A381}.Debug|Any CPU.ActiveCfg = Debug|Any CPU
		{3C1CB416-6813-48EA-A5EC-3262CA83A381}.Debug|Any CPU.Build.0 = Debug|Any CPU
		{3C1CB416-6813-48EA-A5EC-3262CA83A381}.Release|Any CPU.ActiveCfg = Release|Any CPU
		{3C1CB416-6813-48EA-A5EC-3262CA83A381}.Release|Any CPU.Build.0 = Release|Any CPU
	EndGlobalSection
	GlobalSection(SolutionProperties) = preSolution
		HideSolutionNode = FALSE
	EndGlobalSection
	GlobalSection(ExtensibilityGlobals) = postSolution
		SolutionGuid = {37EA975D-9AED-4508-8917-BAFC3C58D84B}
	EndGlobalSection
EndGlobal
